Microsoft Visual Studio Solution File, Format Version 11.00
# Visual Studio 2008

Project("{2FBFE707-FDC8-0EE2-5EA0-DCA3042375B4}") = "KartRacing", "Assembly-CSharp.csproj", "{028C68F4-6BB4-7C94-692A-00059FA6144E}"
EndProject
Project("{2FBFE707-FDC8-0EE2-5EA0-DCA3042375B4}") = "KartRacing", "Assembly-CSharp-Editor.csproj", "{D8EBDF10-2BFF-5F38-7D0C-AB155E717A87}"
EndProject
Global
	GlobalSection(SolutionConfigurationPlatforms) = preSolution
		Debug|Any CPU = Debug|Any CPU
		Release|Any CPU = Release|Any CPU
	EndGlobalSection
	GlobalSection(ProjectConfigurationPlatforms) = postSolution
		{028C68F4-6BB4-7C94-692A-00059FA6144E}.Debug|Any CPU.ActiveCfg = Debug|Any CPU
		{028C68F4-6BB4-7C94-692A-00059FA6144E}.Debug|Any CPU.Build.0 = Debug|Any CPU
		{028C68F4-6BB4-7C94-692A-00059FA6144E}.Release|Any CPU.ActiveCfg = Release|Any CPU
		{028C68F4-6BB4-7C94-692A-00059FA6144E}.Release|Any CPU.Build.0 = Release|Any CPU
		{D8EBDF10-2BFF-5F38-7D0C-AB155E717A87}.Debug|Any CPU.ActiveCfg = Debug|Any CPU
		{D8EBDF10-2BFF-5F38-7D0C-AB155E717A87}.Debug|Any CPU.Build.0 = Debug|Any CPU
		{D8EBDF10-2BFF-5F38-7D0C-AB155E717A87}.Release|Any CPU.ActiveCfg = Release|Any CPU
		{D8EBDF10-2BFF-5F38-7D0C-AB155E717A87}.Release|Any CPU.Build.0 = Release|Any CPU
	EndGlobalSection
	GlobalSection(SolutionProperties) = preSolution
		HideSolutionNode = FALSE
	EndGlobalSection
																																																																			GlobalSection(MonoDevelopProperties) = preSolution
		StartupItem = Assembly-CSharp.csproj
		Policies = $0
		$0.TextStylePolicy = $1
		$1.inheritsSet = null
		$1.scope = text/x-csharp
		$0.CSharpFormattingPolicy = $2
		$2.inheritsSet = Mono
		$2.inheritsScope = text/x-csharp
		$2.scope = text/x-csharp
		$0.TextStylePolicy = $3
		$3.FileWidth = 120
		$3.TabWidth = 4
		$3.EolMarker = Unix
		$3.inheritsSet = Mono
		$3.inheritsScope = text/plain
		$3.scope = text/plain
	EndGlobalSection

EndGlobal
